
Microsoft Visual Studio Solution File, Format Version 12.00
# Visual Studio Version 17
VisualStudioVersion = 17.14.36623.8
MinimumVisualStudioVersion = 10.0.40219.1
Project("{FAE04EC0-301F-11D3-BF4B-00C04F79EFBC}") = "Framework", "Framework\Framework.csproj", "{D4C6C339-FF9E-4D39-8336-36F000F3DF58}"
EndProject
Project("{2150E333-8FDC-42A3-9474-1A3956D46DE8}") = "1 - Gateway", "1 - Gateway", "{A5FDF5C2-BF17-BAC2-449C-DBF2DEEE2A48}"
EndProject
Project("{FAE04EC0-301F-11D3-BF4B-00C04F79EFBC}") = "WebAPI", "1 - Gateway\WebAPI\WebAPI.csproj", "{F34EDF9F-D119-4AC7-8FA1-92E4F52B7D06}"
EndProject
Project("{2150E333-8FDC-42A3-9474-1A3956D46DE8}") = "2 - Application", "2 - Application", "{ED65749C-016D-AE4E-42A1-2FF8320581A7}"
EndProject
Project("{FAE04EC0-301F-11D3-BF4B-00C04F79EFBC}") = "Application", "2 - Application\Application\Application.csproj", "{BE7EABA8-C824-4CE7-8BB9-06124C1896FC}"
EndProject
Project("{FAE04EC0-301F-11D3-BF4B-00C04F79EFBC}") = "Application.Dto", "2 - Application\Application.Dto\Application.Dto.csproj", "{11204E86-01B4-49F3-9802-B16FB24379E9}"
EndProject
Project("{2150E333-8FDC-42A3-9474-1A3956D46DE8}") = "3 - Domain", "3 - Domain", "{8BF9AFAC-5D47-7DFD-BC56-15C2BA01C176}"
EndProject
Project("{FAE04EC0-301F-11D3-BF4B-00C04F79EFBC}") = "Project", "3 - Domain\Project\Project.csproj", "{95B9C474-1431-4F92-AE78-4FE5C15A505D}"
EndProject
Project("{FAE04EC0-301F-11D3-BF4B-00C04F79EFBC}") = "Notifications", "3 - Domain\Notifications\Notifications.csproj", "{B282E39D-2B9F-41D2-9B0F-6984AA69244C}"
EndProject
Project("{2150E333-8FDC-42A3-9474-1A3956D46DE8}") = "4 - Infra", "4 - Infra", "{2CD7E16E-ABC2-D591-9EA8-9B854F9D94EC}"
EndProject
Project("{FAE04EC0-301F-11D3-BF4B-00C04F79EFBC}") = "Repositories", "4 - Infra\Repositories\Repositories.csproj", "{673D61C3-8D04-4F03-8514-E7277F9708C6}"
EndProject
Project("{FAE04EC0-301F-11D3-BF4B-00C04F79EFBC}") = "SqlServer", "4 - Infra\SqlServer\SqlServer.csproj", "{D67FB661-8CFB-4A4A-9D1D-FD3DA0B893C3}"
EndProject
Project("{FAE04EC0-301F-11D3-BF4B-00C04F79EFBC}") = "Firebase", "4 - Infra\Firebase\Firebase.csproj", "{97547DA6-0A70-45EB-B044-AD84D59525A9}"
EndProject
Global
	GlobalSection(SolutionConfigurationPlatforms) = preSolution
		Debug|Any CPU = Debug|Any CPU
		Debug|x64 = Debug|x64
		Debug|x86 = Debug|x86
		Release|Any CPU = Release|Any CPU
		Release|x64 = Release|x64
		Release|x86 = Release|x86
	EndGlobalSection
	GlobalSection(ProjectConfigurationPlatforms) = postSolution
		{D4C6C339-FF9E-4D39-8336-36F000F3DF58}.Debug|Any CPU.ActiveCfg = Debug|Any CPU
		{D4C6C339-FF9E-4D39-8336-36F000F3DF58}.Debug|Any CPU.Build.0 = Debug|Any CPU
		{D4C6C339-FF9E-4D39-8336-36F000F3DF58}.Debug|x64.ActiveCfg = Debug|Any CPU
		{D4C6C339-FF9E-4D39-8336-36F000F3DF58}.Debug|x64.Build.0 = Debug|Any CPU
		{D4C6C339-FF9E-4D39-8336-36F000F3DF58}.Debug|x86.ActiveCfg = Debug|Any CPU
		{D4C6C339-FF9E-4D39-8336-36F000F3DF58}.Debug|x86.Build.0 = Debug|Any CPU
		{D4C6C339-FF9E-4D39-8336-36F000F3DF58}.Release|Any CPU.ActiveCfg = Release|Any CPU
		{D4C6C339-FF9E-4D39-8336-36F000F3DF58}.Release|Any CPU.Build.0 = Release|Any CPU
		{D4C6C339-FF9E-4D39-8336-36F000F3DF58}.Release|x64.ActiveCfg = Release|Any CPU
		{D4C6C339-FF9E-4D39-8336-36F000F3DF58}.Release|x64.Build.0 = Release|Any CPU
		{D4C6C339-FF9E-4D39-8336-36F000F3DF58}.Release|x86.ActiveCfg = Release|Any CPU
		{D4C6C339-FF9E-4D39-8336-36F000F3DF58}.Release|x86.Build.0 = Release|Any CPU
		{F34EDF9F-D119-4AC7-8FA1-92E4F52B7D06}.Debug|Any CPU.ActiveCfg = Debug|Any CPU
		{F34EDF9F-D119-4AC7-8FA1-92E4F52B7D06}.Debug|Any CPU.Build.0 = Debug|Any CPU
		{F34EDF9F-D119-4AC7-8FA1-92E4F52B7D06}.Debug|x64.ActiveCfg = Debug|Any CPU
		{F34EDF9F-D119-4AC7-8FA1-92E4F52B7D06}.Debug|x64.Build.0 = Debug|Any CPU
		{F34EDF9F-D119-4AC7-8FA1-92E4F52B7D06}.Debug|x86.ActiveCfg = Debug|Any CPU
		{F34EDF9F-D119-4AC7-8FA1-92E4F52B7D06}.Debug|x86.Build.0 = Debug|Any CPU
		{F34EDF9F-D119-4AC7-8FA1-92E4F52B7D06}.Release|Any CPU.ActiveCfg = Release|Any CPU
		{F34EDF9F-D119-4AC7-8FA1-92E4F52B7D06}.Release|Any CPU.Build.0 = Release|Any CPU
		{F34EDF9F-D119-4AC7-8FA1-92E4F52B7D06}.Release|x64.ActiveCfg = Release|Any CPU
		{F34EDF9F-D119-4AC7-8FA1-92E4F52B7D06}.Release|x64.Build.0 = Release|Any CPU
		{F34EDF9F-D119-4AC7-8FA1-92E4F52B7D06}.Release|x86.ActiveCfg = Release|Any CPU
		{F34EDF9F-D119-4AC7-8FA1-92E4F52B7D06}.Release|x86.Build.0 = Release|Any CPU
		{BE7EABA8-C824-4CE7-8BB9-06124C1896FC}.Debug|Any CPU.ActiveCfg = Debug|Any CPU
		{BE7EABA8-C824-4CE7-8BB9-06124C1896FC}.Debug|Any CPU.Build.0 = Debug|Any CPU
		{BE7EABA8-C824-4CE7-8BB9-06124C1896FC}.Debug|x64.ActiveCfg = Debug|Any CPU
		{BE7EABA8-C824-4CE7-8BB9-06124C1896FC}.Debug|x64.Build.0 = Debug|Any CPU
		{BE7EABA8-C824-4CE7-8BB9-06124C1896FC}.Debug|x86.ActiveCfg = Debug|Any CPU
		{BE7EABA8-C824-4CE7-8BB9-06124C1896FC}.Debug|x86.Build.0 = Debug|Any CPU
		{BE7EABA8-C824-4CE7-8BB9-06124C1896FC}.Release|Any CPU.ActiveCfg = Release|Any CPU
		{BE7EABA8-C824-4CE7-8BB9-06124C1896FC}.Release|Any CPU.Build.0 = Release|Any CPU
		{BE7EABA8-C824-4CE7-8BB9-06124C1896FC}.Release|x64.ActiveCfg = Release|Any CPU
		{BE7EABA8-C824-4CE7-8BB9-06124C1896FC}.Release|x64.Build.0 = Release|Any CPU
		{BE7EABA8-C824-4CE7-8BB9-06124C1896FC}.Release|x86.ActiveCfg = Release|Any CPU
		{BE7EABA8-C824-4CE7-8BB9-06124C1896FC}.Release|x86.Build.0 = Release|Any CPU
		{11204E86-01B4-49F3-9802-B16FB24379E9}.Debug|Any CPU.ActiveCfg = Debug|Any CPU
		{11204E86-01B4-49F3-9802-B16FB24379E9}.Debug|Any CPU.Build.0 = Debug|Any CPU
		{11204E86-01B4-49F3-9802-B16FB24379E9}.Debug|x64.ActiveCfg = Debug|Any CPU
		{11204E86-01B4-49F3-9802-B16FB24379E9}.Debug|x64.Build.0 = Debug|Any CPU
		{11204E86-01B4-49F3-9802-B16FB24379E9}.Debug|x86.ActiveCfg = Debug|Any CPU
		{11204E86-01B4-49F3-9802-B16FB24379E9}.Debug|x86.Build.0 = Debug|Any CPU
		{11204E86-01B4-49F3-9802-B16FB24379E9}.Release|Any CPU.ActiveCfg = Release|Any CPU
		{11204E86-01B4-49F3-9802-B16FB24379E9}.Release|Any CPU.Build.0 = Release|Any CPU
		{11204E86-01B4-49F3-9802-B16FB24379E9}.Release|x64.ActiveCfg = Release|Any CPU
		{11204E86-01B4-49F3-9802-B16FB24379E9}.Release|x64.Build.0 = Release|Any CPU
		{11204E86-01B4-49F3-9802-B16FB24379E9}.Release|x86.ActiveCfg = Release|Any CPU
		{11204E86-01B4-49F3-9802-B16FB24379E9}.Release|x86.Build.0 = Release|Any CPU
		{95B9C474-1431-4F92-AE78-4FE5C15A505D}.Debug|Any CPU.ActiveCfg = Debug|Any CPU
		{95B9C474-1431-4F92-AE78-4FE5C15A505D}.Debug|Any CPU.Build.0 = Debug|Any CPU
		{95B9C474-1431-4F92-AE78-4FE5C15A505D}.Debug|x64.ActiveCfg = Debug|Any CPU
		{95B9C474-1431-4F92-AE78-4FE5C15A505D}.Debug|x64.Build.0 = Debug|Any CPU
		{95B9C474-1431-4F92-AE78-4FE5C15A505D}.Debug|x86.ActiveCfg = Debug|Any CPU
		{95B9C474-1431-4F92-AE78-4FE5C15A505D}.Debug|x86.Build.0 = Debug|Any CPU
		{95B9C474-1431-4F92-AE78-4FE5C15A505D}.Release|Any CPU.ActiveCfg = Release|Any CPU
		{95B9C474-1431-4F92-AE78-4FE5C15A505D}.Release|Any CPU.Build.0 = Release|Any CPU
		{95B9C474-1431-4F92-AE78-4FE5C15A505D}.Release|x64.ActiveCfg = Release|Any CPU
		{95B9C474-1431-4F92-AE78-4FE5C15A505D}.Release|x64.Build.0 = Release|Any CPU
		{95B9C474-1431-4F92-AE78-4FE5C15A505D}.Release|x86.ActiveCfg = Release|Any CPU
		{95B9C474-1431-4F92-AE78-4FE5C15A505D}.Release|x86.Build.0 = Release|Any CPU
		{B282E39D-2B9F-41D2-9B0F-6984AA69244C}.Debug|Any CPU.ActiveCfg = Debug|Any CPU
		{B282E39D-2B9F-41D2-9B0F-6984AA69244C}.Debug|Any CPU.Build.0 = Debug|Any CPU
		{B282E39D-2B9F-41D2-9B0F-6984AA69244C}.Debug|x64.ActiveCfg = Debug|Any CPU
		{B282E39D-2B9F-41D2-9B0F-6984AA69244C}.Debug|x64.Build.0 = Debug|Any CPU
		{B282E39D-2B9F-41D2-9B0F-6984AA69244C}.Debug|x86.ActiveCfg = Debug|Any CPU
		{B282E39D-2B9F-41D2-9B0F-6984AA69244C}.Debug|x86.Build.0 = Debug|Any CPU
		{B282E39D-2B9F-41D2-9B0F-6984AA69244C}.Release|Any CPU.ActiveCfg = Release|Any CPU
		{B282E39D-2B9F-41D2-9B0F-6984AA69244C}.Release|Any CPU.Build.0 = Release|Any CPU
		{B282E39D-2B9F-41D2-9B0F-6984AA69244C}.Release|x64.ActiveCfg = Release|Any CPU
		{B282E39D-2B9F-41D2-9B0F-6984AA69244C}.Release|x64.Build.0 = Release|Any CPU
		{B282E39D-2B9F-41D2-9B0F-6984AA69244C}.Release|x86.ActiveCfg = Release|Any CPU
		{B282E39D-2B9F-41D2-9B0F-6984AA69244C}.Release|x86.Build.0 = Release|Any CPU
		{673D61C3-8D04-4F03-8514-E7277F9708C6}.Debug|Any CPU.ActiveCfg = Debug|Any CPU
		{673D61C3-8D04-4F03-8514-E7277F9708C6}.Debug|Any CPU.Build.0 = Debug|Any CPU
		{673D61C3-8D04-4F03-8514-E7277F9708C6}.Debug|x64.ActiveCfg = Debug|Any CPU
		{673D61C3-8D04-4F03-8514-E7277F9708C6}.Debug|x64.Build.0 = Debug|Any CPU
		{673D61C3-8D04-4F03-8514-E7277F9708C6}.Debug|x86.ActiveCfg = Debug|Any CPU
		{673D61C3-8D04-4F03-8514-E7277F9708C6}.Debug|x86.Build.0 = Debug|Any CPU
		{673D61C3-8D04-4F03-8514-E7277F9708C6}.Release|Any CPU.ActiveCfg = Release|Any CPU
		{673D61C3-8D04-4F03-8514-E7277F9708C6}.Release|Any CPU.Build.0 = Release|Any CPU
		{673D61C3-8D04-4F03-8514-E7277F9708C6}.Release|x64.ActiveCfg = Release|Any CPU
		{673D61C3-8D04-4F03-8514-E7277F9708C6}.Release|x64.Build.0 = Release|Any CPU
		{673D61C3-8D04-4F03-8514-E7277F9708C6}.Release|x86.ActiveCfg = Release|Any CPU
		{673D61C3-8D04-4F03-8514-E7277F9708C6}.Release|x86.Build.0 = Release|Any CPU
		{D67FB661-8CFB-4A4A-9D1D-FD3DA0B893C3}.Debug|Any CPU.ActiveCfg = Debug|Any CPU
		{D67FB661-8CFB-4A4A-9D1D-FD3DA0B893C3}.Debug|Any CPU.Build.0 = Debug|Any CPU
		{D67FB661-8CFB-4A4A-9D1D-FD3DA0B893C3}.Debug|x64.ActiveCfg = Debug|Any CPU
		{D67FB661-8CFB-4A4A-9D1D-FD3DA0B893C3}.Debug|x64.Build.0 = Debug|Any CPU
		{D67FB661-8CFB-4A4A-9D1D-FD3DA0B893C3}.Debug|x86.ActiveCfg = Debug|Any CPU
		{D67FB661-8CFB-4A4A-9D1D-FD3DA0B893C3}.Debug|x86.Build.0 = Debug|Any CPU
		{D67FB661-8CFB-4A4A-9D1D-FD3DA0B893C3}.Release|Any CPU.ActiveCfg = Release|Any CPU
		{D67FB661-8CFB-4A4A-9D1D-FD3DA0B893C3}.Release|Any CPU.Build.0 = Release|Any CPU
		{D67FB661-8CFB-4A4A-9D1D-FD3DA0B893C3}.Release|x64.ActiveCfg = Release|Any CPU
		{D67FB661-8CFB-4A4A-9D1D-FD3DA0B893C3}.Release|x64.Build.0 = Release|Any CPU
		{D67FB661-8CFB-4A4A-9D1D-FD3DA0B893C3}.Release|x86.ActiveCfg = Release|Any CPU
		{D67FB661-8CFB-4A4A-9D1D-FD3DA0B893C3}.Release|x86.Build.0 = Release|Any CPU
		{97547DA6-0A70-45EB-B044-AD84D59525A9}.Debug|Any CPU.ActiveCfg = Debug|Any CPU
		{97547DA6-0A70-45EB-B044-AD84D59525A9}.Debug|Any CPU.Build.0 = Debug|Any CPU
		{97547DA6-0A70-45EB-B044-AD84D59525A9}.Debug|x64.ActiveCfg = Debug|Any CPU
		{97547DA6-0A70-45EB-B044-AD84D59525A9}.Debug|x64.Build.0 = Debug|Any CPU
		{97547DA6-0A70-45EB-B044-AD84D59525A9}.Debug|x86.ActiveCfg = Debug|Any CPU
		{97547DA6-0A70-45EB-B044-AD84D59525A9}.Debug|x86.Build.0 = Debug|Any CPU
		{97547DA6-0A70-45EB-B044-AD84D59525A9}.Release|Any CPU.ActiveCfg = Release|Any CPU
		{97547DA6-0A70-45EB-B044-AD84D59525A9}.Release|Any CPU.Build.0 = Release|Any CPU
		{97547DA6-0A70-45EB-B044-AD84D59525A9}.Release|x64.ActiveCfg = Release|Any CPU
		{97547DA6-0A70-45EB-B044-AD84D59525A9}.Release|x64.Build.0 = Release|Any CPU
		{97547DA6-0A70-45EB-B044-AD84D59525A9}.Release|x86.ActiveCfg = Release|Any CPU
		{97547DA6-0A70-45EB-B044-AD84D59525A9}.Release|x86.Build.0 = Release|Any CPU
	EndGlobalSection
	GlobalSection(SolutionProperties) = preSolution
		HideSolutionNode = FALSE
	EndGlobalSection
	GlobalSection(NestedProjects) = preSolution
		{F34EDF9F-D119-4AC7-8FA1-92E4F52B7D06} = {A5FDF5C2-BF17-BAC2-449C-DBF2DEEE2A48}
		{BE7EABA8-C824-4CE7-8BB9-06124C1896FC} = {ED65749C-016D-AE4E-42A1-2FF8320581A7}
		{11204E86-01B4-49F3-9802-B16FB24379E9} = {ED65749C-016D-AE4E-42A1-2FF8320581A7}
		{95B9C474-1431-4F92-AE78-4FE5C15A505D} = {8BF9AFAC-5D47-7DFD-BC56-15C2BA01C176}
		{B282E39D-2B9F-41D2-9B0F-6984AA69244C} = {8BF9AFAC-5D47-7DFD-BC56-15C2BA01C176}
		{673D61C3-8D04-4F03-8514-E7277F9708C6} = {2CD7E16E-ABC2-D591-9EA8-9B854F9D94EC}
		{D67FB661-8CFB-4A4A-9D1D-FD3DA0B893C3} = {2CD7E16E-ABC2-D591-9EA8-9B854F9D94EC}
		{97547DA6-0A70-45EB-B044-AD84D59525A9} = {2CD7E16E-ABC2-D591-9EA8-9B854F9D94EC}
	EndGlobalSection
	GlobalSection(ExtensibilityGlobals) = postSolution
		SolutionGuid = {85F4659F-470A-4EC7-9A04-4BF51744E344}
	EndGlobalSection
EndGlobal
